
Microsoft Visual Studio Solution File, Format Version 12.00
# Visual Studio Version 16
VisualStudioVersion = 16.0.28705.295
MinimumVisualStudioVersion = 10.0.40219.1
Project("{FAE04EC0-301F-11D3-BF4B-00C04F79EFBC}") = "t2tDIP", "t2tDIP\t2tDIP.csproj", "{633B40FD-30AF-45AD-A55A-D08EBC3BC9DC}"
EndProject
Global
	GlobalSection(SolutionConfigurationPlatforms) = preSolution
		Debug|Any CPU = Debug|Any CPU
		Release|Any CPU = Release|Any CPU
	EndGlobalSection
	GlobalSection(ProjectConfigurationPlatforms) = postSolution
		{633B40FD-30AF-45AD-A55A-D08EBC3BC9DC}.Debug|Any CPU.ActiveCfg = Debug|Any CPU
		{633B40FD-30AF-45AD-A55A-D08EBC3BC9DC}.Debug|Any CPU.Build.0 = Debug|Any CPU
		{633B40FD-30AF-45AD-A55A-D08EBC3BC9DC}.Release|Any CPU.ActiveCfg = Release|Any CPU
		{633B40FD-30AF-45AD-A55A-D08EBC3BC9DC}.Release|Any CPU.Build.0 = Release|Any CPU
	EndGlobalSection
	GlobalSection(SolutionProperties) = preSolution
		HideSolutionNode = FALSE
	EndGlobalSection
	GlobalSection(ExtensibilityGlobals) = postSolution
		SolutionGuid = {D9861CEE-12DD-4115-86E1-F11BBAC06CD0}
	EndGlobalSection
EndGlobal
